# This file is autogenerated, do not edit; changes may be undone by the next 'dep ensure'.

[[projects]]
  name = "github.com/BurntSushi/toml"
  packages = ["."]
  revision = "b26d9c308763d68093482582cea63d69be07a0f0"
  version = "v0.3.0"

[[projects]]
  name = "github.com/aws/aws-sdk-go"
  packages = [
    "aws",
    "aws/awserr",
    "aws/awsutil",
    "aws/client",
    "aws/client/metadata",
    "aws/corehandlers",
  ]
  revision = "c7cd1ebe87257cde9b65112fc876b0339ea0ac30"
  version = "v1.13.49"

[solve-meta]
  analyzer-name = "dep"
  analyzer-version = 1
  inputs-digest = "85cc057e0cc074ab5b43bd620772d63d51e07b04e8782fcfe55e6929d2fc40f7"
  solver-name = "gps-cdcl"
  solver-version = 1
